
Microsoft Visual Studio Solution File, Format Version 12.00
# Visual Studio Version 16
VisualStudioVersion = 16.0.30611.23
MinimumVisualStudioVersion = 10.0.40219.1
Project("{FAE04EC0-301F-11D3-BF4B-00C04F79EFBC}") = "Dto", "Dto.csproj", "{666FF5E7-79AA-4262-929A-801733DC0D2B}"
EndProject
Global
	GlobalSection(SolutionConfigurationPlatforms) = preSolution
		Debug|Any CPU = Debug|Any CPU
		Release|Any CPU = Release|Any CPU
	EndGlobalSection
	GlobalSection(ProjectConfigurationPlatforms) = postSolution
		{666FF5E7-79AA-4262-929A-801733DC0D2B}.Debug|Any CPU.ActiveCfg = Debug|Any CPU
		{666FF5E7-79AA-4262-929A-801733DC0D2B}.Debug|Any CPU.Build.0 = Debug|Any CPU
		{666FF5E7-79AA-4262-929A-801733DC0D2B}.Release|Any CPU.ActiveCfg = Release|Any CPU
		{666FF5E7-79AA-4262-929A-801733DC0D2B}.Release|Any CPU.Build.0 = Release|Any CPU
	EndGlobalSection
	GlobalSection(SolutionProperties) = preSolution
		HideSolutionNode = FALSE
	EndGlobalSection
	GlobalSection(ExtensibilityGlobals) = postSolution
		SolutionGuid = {A188FA61-2758-4FBD-A8B9-713A428A09EA}
	EndGlobalSection
EndGlobal
